
Microsoft Visual Studio Solution File, Format Version 12.00
# Visual Studio Version 17
VisualStudioVersion = 17.4.33205.214
MinimumVisualStudioVersion = 10.0.40219.1
Project("{FAE04EC0-301F-11D3-BF4B-00C04F79EFBC}") = "PaintAppCase.1", "PaintAppCase.1\PaintAppCase.1.csproj", "{27FC148A-4BA8-4B78-BFA0-2FFB29FA563D}"
EndProject
Global
	GlobalSection(SolutionConfigurationPlatforms) = preSolution
		Debug|Any CPU = Debug|Any CPU
		Release|Any CPU = Release|Any CPU
	EndGlobalSection
	GlobalSection(ProjectConfigurationPlatforms) = postSolution
		{27FC148A-4BA8-4B78-BFA0-2FFB29FA563D}.Debug|Any CPU.ActiveCfg = Debug|Any CPU
		{27FC148A-4BA8-4B78-BFA0-2FFB29FA563D}.Debug|Any CPU.Build.0 = Debug|Any CPU
		{27FC148A-4BA8-4B78-BFA0-2FFB29FA563D}.Release|Any CPU.ActiveCfg = Release|Any CPU
		{27FC148A-4BA8-4B78-BFA0-2FFB29FA563D}.Release|Any CPU.Build.0 = Release|Any CPU
	EndGlobalSection
	GlobalSection(SolutionProperties) = preSolution
		HideSolutionNode = FALSE
	EndGlobalSection
	GlobalSection(ExtensibilityGlobals) = postSolution
		SolutionGuid = {D773D4EA-831B-4922-8047-4A7454CF6928}
	EndGlobalSection
EndGlobal
